Microsoft Visual Studio Solution File, Format Version 12.00
# Visual Studio Version 17
VisualStudioVersion = 17.5.2.0
MinimumVisualStudioVersion = 10.0.40219.1
Project("{FAE04EC0-301F-11D3-BF4B-00C04F79EFBC}") = "BlazorStandaloneApp", "BlazorStandaloneApp\BlazorStandaloneApp.csproj", "{14E2DC33-81D9-50B4-204B-836A086AA061}"
EndProject
Global
	GlobalSection(SolutionConfigurationPlatforms) = preSolution
		Debug|Any CPU = Debug|Any CPU
		Release|Any CPU = Release|Any CPU
	EndGlobalSection
	GlobalSection(ProjectConfigurationPlatforms) = postSolution
		{14E2DC33-81D9-50B4-204B-836A086AA061}.Debug|Any CPU.ActiveCfg = Debug|Any CPU
		{14E2DC33-81D9-50B4-204B-836A086AA061}.Debug|Any CPU.Build.0 = Debug|Any CPU
		{14E2DC33-81D9-50B4-204B-836A086AA061}.Release|Any CPU.ActiveCfg = Release|Any CPU
		{14E2DC33-81D9-50B4-204B-836A086AA061}.Release|Any CPU.Build.0 = Release|Any CPU
	EndGlobalSection
	GlobalSection(SolutionProperties) = preSolution
		HideSolutionNode = FALSE
	EndGlobalSection
	GlobalSection(ExtensibilityGlobals) = postSolution
		SolutionGuid = {7381343B-BBA7-41E9-A67F-0AD6C7FD028F}
	EndGlobalSection
EndGlobal
